<?xml version="1.0" encoding="utf-8"?>
<Project ToolsVersion="4.0" xmlns="http://schemas.microsoft.com/developer/msbuild/2003">
  <ItemGroup>
    <Filter Include="Resource Files">
      <UniqueIdentifier>{67DA6AB6-F800-4c08-8B7A-83BB121AAD01}</UniqueIdentifier>
      <Extensions>qrc;rc;ico;cur;bmp;dlg;rc2;rct;bin;rgs;gif;jpg;jpeg;jpe;resx;tiff;tif;png;wav;mfcribbon-ms</Extensions>
    </Filter>
    <Filter Include="Translation Files">
      <UniqueIdentifier>{639EADAA-A684-42e4-A9AD-28FC9BCB8F7C}</UniqueIdentifier>
      <Extensions>ts</Extensions>
    </Filter>
    <Filter Include="databasemanager">
      <UniqueIdentifier>{4fa395f9-ff32-4cfa-8932-945ce2aa6cbd}</UniqueIdentifier>
    </Filter>
    <Filter Include="gui">
      <UniqueIdentifier>{4FC737F1-C7A5-4376-A066-2A32D752A2FF}</UniqueIdentifier>
      <Extensions>qml;cpp;c;cc;cxx;def;odl;idl;hpj;bat;asm;asmx</Extensions>
    </Filter>
    <Filter Include="gui\uiframe">
      <UniqueIdentifier>{311e7ad0-6120-4299-8c98-761ef380fd70}</UniqueIdentifier>
    </Filter>
    <Filter Include="gui\uiframe\settingpage">
      <UniqueIdentifier>{0eec58dd-1886-4763-9e47-02a6c4eb297e}</UniqueIdentifier>
    </Filter>
  </ItemGroup>
  <ItemGroup>
    <QtRcc Include="Database.qrc">
      <Filter>Resource Files</Filter>
    </QtRcc>
  </ItemGroup>
  <ItemGroup>
    <ClCompile Include="main.cpp">
      <Filter>gui</Filter>
    </ClCompile>
    <ClCompile Include="src\gui\src\uiframe\databasewidget.cpp">
      <Filter>gui\uiframe\settingpage</Filter>
    </ClCompile>
    <ClCompile Include="src\gui\src\uiframe\doudoumainwindow.cpp">
      <Filter>gui\uiframe\settingpage</Filter>
    </ClCompile>
  </ItemGroup>
  <ItemGroup>
    <QtUic Include="src\gui\src\uiframe\databasewidget.ui">
      <Filter>gui\uiframe\settingpage</Filter>
    </QtUic>
    <QtUic Include="src\gui\src\uiframe\doudoumainwindow.ui">
      <Filter>gui\uiframe\settingpage</Filter>
    </QtUic>
  </ItemGroup>
  <ItemGroup>
    <QtMoc Include="src\gui\src\uiframe\databasewidget.h">
      <Filter>gui\uiframe\settingpage</Filter>
    </QtMoc>
    <QtMoc Include="src\gui\src\uiframe\doudoumainwindow.h">
      <Filter>gui\uiframe\settingpage</Filter>
    </QtMoc>
  </ItemGroup>
</Project>