<?xml version="1.0" encoding="utf-8"?>
<Project ToolsVersion="4.0" xmlns="http://schemas.microsoft.com/developer/msbuild/2003">
  <ItemGroup>
    <Filter Include="Resource Files">
      <UniqueIdentifier>{67DA6AB6-F800-4c08-8B7A-83BB121AAD01}</UniqueIdentifier>
      <Extensions>qrc;rc;ico;cur;bmp;dlg;rc2;rct;bin;rgs;gif;jpg;jpeg;jpe;resx;tiff;tif;png;wav;mfcribbon-ms</Extensions>
    </Filter>
    <Filter Include="Translation Files">
      <UniqueIdentifier>{639EADAA-A684-42e4-A9AD-28FC9BCB8F7C}</UniqueIdentifier>
      <Extensions>ts</Extensions>
    </Filter>
    <Filter Include="databasemanager">
      <UniqueIdentifier>{4fa395f9-ff32-4cfa-8932-945ce2aa6cbd}</UniqueIdentifier>
    </Filter>
    <Filter Include="gui">
      <UniqueIdentifier>{4FC737F1-C7A5-4376-A066-2A32D752A2FF}</UniqueIdentifier>
      <Extensions>qml;cpp;c;cc;cxx;def;odl;idl;hpj;bat;asm;asmx</Extensions>
    </Filter>
    <Filter Include="gui\uiframe">
      <UniqueIdentifier>{311e7ad0-6120-4299-8c98-761ef380fd70}</UniqueIdentifier>
    </Filter>
    <Filter Include="gui\uiframe\settingpage">
      <UniqueIdentifier>{0eec58dd-1886-4763-9e47-02a6c4eb297e}</UniqueIdentifier>
    </Filter>
    <Filter Include="deps">
      <UniqueIdentifier>{cd2a4113-c5aa-4316-99ce-ba98ea57f05b}</UniqueIdentifier>
    </Filter>
    <Filter Include="gui\uiframe\mainwindow">
      <UniqueIdentifier>{d4cc05ae-4c7d-4161-8209-fe118c10b2f8}</UniqueIdentifier>
    </Filter>
    <Filter Include="gui\uiframe\titlebar">
      <UniqueIdentifier>{1fad705e-2b39-4f77-9473-ddab75983941}</UniqueIdentifier>
    </Filter>
    <Filter Include="gui\uiframe\directory">
      <UniqueIdentifier>{4b826412-d36c-410a-b211-a07cdced173d}</UniqueIdentifier>
    </Filter>
  </ItemGroup>
  <ItemGroup>
    <QtRcc Include="Database.qrc">
      <Filter>Resource Files</Filter>
    </QtRcc>
  </ItemGroup>
  <ItemGroup>
    <ClCompile Include="main.cpp">
      <Filter>gui</Filter>
    </ClCompile>
    <ClCompile Include="src\gui\src\uiframe\databasewidget.cpp">
      <Filter>gui\uiframe\settingpage</Filter>
    </ClCompile>
    <ClCompile Include="deps\framelesswidget.cpp">
      <Filter>deps</Filter>
    </ClCompile>
    <ClCompile Include="src\gui\src\uiframe\mainwindow\peasmainwindow.cpp">
      <Filter>gui\uiframe\mainwindow</Filter>
    </ClCompile>
    <ClCompile Include="src\gui\src\uiframe\mainwindow\titlebar.cpp">
      <Filter>gui\uiframe\titlebar</Filter>
    </ClCompile>
    <ClCompile Include="src\gui\src\uiframe\directory\directorywidget.cpp">
      <Filter>gui\uiframe\directory</Filter>
    </ClCompile>
    <ClCompile Include="src\gui\src\uiframe\directory\navigationwidget.cpp">
      <Filter>gui\uiframe\directory</Filter>
    </ClCompile>
  </ItemGroup>
  <ItemGroup>
    <QtUic Include="src\gui\src\uiframe\databasewidget.ui">
      <Filter>gui\uiframe\settingpage</Filter>
    </QtUic>
    <QtUic Include="deps\framelesswidget.ui">
      <Filter>deps</Filter>
    </QtUic>
    <QtUic Include="src\gui\src\uiframe\mainwindow\peasmainwindow.ui">
      <Filter>gui\uiframe\mainwindow</Filter>
    </QtUic>
    <QtUic Include="src\gui\src\uiframe\mainwindow\titlebar.ui">
      <Filter>gui\uiframe\titlebar</Filter>
    </QtUic>
  </ItemGroup>
  <ItemGroup>
    <QtMoc Include="src\gui\src\uiframe\databasewidget.h">
      <Filter>gui\uiframe\settingpage</Filter>
    </QtMoc>
    <QtMoc Include="deps\framelesswidget.h">
      <Filter>deps</Filter>
    </QtMoc>
    <QtMoc Include="src\gui\src\uiframe\mainwindow\peasmainwindow.h">
      <Filter>gui\uiframe\mainwindow</Filter>
    </QtMoc>
    <QtMoc Include="src\gui\src\uiframe\mainwindow\titlebar.h">
      <Filter>gui\uiframe\titlebar</Filter>
    </QtMoc>
    <QtMoc Include="src\gui\src\uiframe\directory\directorywidget.h">
      <Filter>gui\uiframe\directory</Filter>
    </QtMoc>
    <QtMoc Include="src\gui\src\uiframe\directory\navigationwidget.h">
      <Filter>gui\uiframe\directory</Filter>
    </QtMoc>
  </ItemGroup>
</Project>